
Microsoft Visual Studio Solution File, Format Version 12.00
# Visual Studio Version 16
VisualStudioVersion = 16.0.33920.266
MinimumVisualStudioVersion = 10.0.40219.1
Project("{FAE04EC0-301F-11D3-BF4B-00C04F79EFBC}") = "Coding_Exercise_16", "Coding_Exercise_16.csproj", "{558E95A6-2483-44AD-9480-FBAF81DDB9C1}"
EndProject
Global
	GlobalSection(SolutionConfigurationPlatforms) = preSolution
		Debug|Any CPU = Debug|Any CPU
		Release|Any CPU = Release|Any CPU
	EndGlobalSection
	GlobalSection(ProjectConfigurationPlatforms) = postSolution
		{558E95A6-2483-44AD-9480-FBAF81DDB9C1}.Debug|Any CPU.ActiveCfg = Debug|Any CPU
		{558E95A6-2483-44AD-9480-FBAF81DDB9C1}.Debug|Any CPU.Build.0 = Debug|Any CPU
		{558E95A6-2483-44AD-9480-FBAF81DDB9C1}.Release|Any CPU.ActiveCfg = Release|Any CPU
		{558E95A6-2483-44AD-9480-FBAF81DDB9C1}.Release|Any CPU.Build.0 = Release|Any CPU
	EndGlobalSection
	GlobalSection(SolutionProperties) = preSolution
		HideSolutionNode = FALSE
	EndGlobalSection
	GlobalSection(ExtensibilityGlobals) = postSolution
		SolutionGuid = {F687302C-20C5-4BEC-A986-4F4F60442ECE}
	EndGlobalSection
EndGlobal
