
Microsoft Visual Studio Solution File, Format Version 12.00
# Visual Studio Version 16
VisualStudioVersion = 16.0.33920.266
MinimumVisualStudioVersion = 10.0.40219.1
Project("{FAE04EC0-301F-11D3-BF4B-00C04F79EFBC}") = "WPF Project - Currency Converter 3 - API", "WPF Project - Currency Converter 3 - API.csproj", "{3957C1AB-59A0-4F05-A239-7B1322638C81}"
EndProject
Global
	GlobalSection(SolutionConfigurationPlatforms) = preSolution
		Debug|Any CPU = Debug|Any CPU
		Release|Any CPU = Release|Any CPU
	EndGlobalSection
	GlobalSection(ProjectConfigurationPlatforms) = postSolution
		{3957C1AB-59A0-4F05-A239-7B1322638C81}.Debug|Any CPU.ActiveCfg = Debug|Any CPU
		{3957C1AB-59A0-4F05-A239-7B1322638C81}.Debug|Any CPU.Build.0 = Debug|Any CPU
		{3957C1AB-59A0-4F05-A239-7B1322638C81}.Release|Any CPU.ActiveCfg = Release|Any CPU
		{3957C1AB-59A0-4F05-A239-7B1322638C81}.Release|Any CPU.Build.0 = Release|Any CPU
	EndGlobalSection
	GlobalSection(SolutionProperties) = preSolution
		HideSolutionNode = FALSE
	EndGlobalSection
	GlobalSection(ExtensibilityGlobals) = postSolution
		SolutionGuid = {A2E7B0CB-6072-49E8-B03E-F5D39416E2F4}
	EndGlobalSection
EndGlobal
