
Microsoft Visual Studio Solution File, Format Version 12.00
# Visual Studio Version 16
VisualStudioVersion = 16.0.33920.266
MinimumVisualStudioVersion = 10.0.40219.1
Project("{FAE04EC0-301F-11D3-BF4B-00C04F79EFBC}") = "WPF - Data Binding practice", "WPF - Data Binding practice.csproj", "{06FA82A7-63FB-4DC2-B92A-EAF17562CCBC}"
EndProject
Global
	GlobalSection(SolutionConfigurationPlatforms) = preSolution
		Debug|Any CPU = Debug|Any CPU
		Release|Any CPU = Release|Any CPU
	EndGlobalSection
	GlobalSection(ProjectConfigurationPlatforms) = postSolution
		{06FA82A7-63FB-4DC2-B92A-EAF17562CCBC}.Debug|Any CPU.ActiveCfg = Debug|Any CPU
		{06FA82A7-63FB-4DC2-B92A-EAF17562CCBC}.Debug|Any CPU.Build.0 = Debug|Any CPU
		{06FA82A7-63FB-4DC2-B92A-EAF17562CCBC}.Release|Any CPU.ActiveCfg = Release|Any CPU
		{06FA82A7-63FB-4DC2-B92A-EAF17562CCBC}.Release|Any CPU.Build.0 = Release|Any CPU
	EndGlobalSection
	GlobalSection(SolutionProperties) = preSolution
		HideSolutionNode = FALSE
	EndGlobalSection
	GlobalSection(ExtensibilityGlobals) = postSolution
		SolutionGuid = {8F2B9853-6378-464A-910A-A660AC23D474}
	EndGlobalSection
EndGlobal
